Microsoft Visual Studio Solution File, Format Version 12.00
# Visual Studio Version 16
VisualStudioVersion = 16.0.28803.202
MinimumVisualStudioVersion = 10.0.40219.1
Project("{2150E333-8FDC-42A3-9474-1A3956D46DE8}") = "Uptec", "Uptec", "{4FCC3570-2DEB-40A9-8EE8-3C077EE56614}"
EndProject
Project("{2150E333-8FDC-42A3-9474-1A3956D46DE8}") = "Erp", "Erp", "{C6877324-A783-4502-81D6-D3724805C3FF}"
EndProject
Project("{2150E333-8FDC-42A3-9474-1A3956D46DE8}") = "Security", "Security", "{66FA493A-33FB-4ABA-B98B-ABF6C9A6E1B7}"
EndProject
Project("{2150E333-8FDC-42A3-9474-1A3956D46DE8}") = "Shared", "Shared", "{3230F348-2E55-4BFC-ACDB-64D020698259}"
EndProject
Project("{2150E333-8FDC-42A3-9474-1A3956D46DE8}") = "Shared", "Shared", "{A7B07784-F19B-4325-A4C9-A1ECD6A0D104}"
EndProject
Project("{2150E333-8FDC-42A3-9474-1A3956D46DE8}") = "Infra", "Infra", "{8C3D4F7F-C02A-4189-A530-3EBEBEBB703F}"
EndProject
Project("{9A19103F-16F7-4668-BE54-9A1E7A4F7556}") = "Definitiva.Shared.Infra.Support", "src\Definitiva.Shared.Infra.Support\Definitiva.Shared.Infra.Support.csproj", "{56B62349-0426-4A29-8171-5812FABE0BC5}"
EndProject
Project("{9A19103F-16F7-4668-BE54-9A1E7A4F7556}") = "Uptec.Erp.Shared.Domain", "src\Uptec.Erp.Shared.Domain\Uptec.Erp.Shared.Domain.csproj", "{85458727-CBE2-478C-9D33-856D5FC25C3B}"
EndProject
Project("{2150E333-8FDC-42A3-9474-1A3956D46DE8}") = "Domain", "Domain", "{A59D324E-9916-4D9E-91A3-53A18ABE6E28}"
EndProject
Project("{2150E333-8FDC-42A3-9474-1A3956D46DE8}") = "Domain", "Domain", "{0DE97E1B-451B-4360-A0C4-198B028BF148}"
EndProject
Project("{9A19103F-16F7-4668-BE54-9A1E7A4F7556}") = "Definitiva.Shared.Domain", "src\Definitiva.Shared.Domain\Definitiva.Shared.Domain.csproj", "{4083C779-06E4-4C15-A870-E45D75EAF360}"
EndProject
Project("{9A19103F-16F7-4668-BE54-9A1E7A4F7556}") = "Definitiva.Shared.Infra.IoC", "src\Definitiva.Shared.Infra.IoC\Definitiva.Shared.Infra.IoC.csproj", "{2ED5405D-B64A-4749-8CB1-9E2CD59E9B5C}"
EndProject
Project("{9A19103F-16F7-4668-BE54-9A1E7A4F7556}") = "Definitiva.Security.Identity", "src\Definitiva.Security.Identity\Definitiva.Security.Identity.csproj", "{0FB989C0-0307-4949-90EC-D5D667653F98}"
EndProject
Project("{2150E333-8FDC-42A3-9474-1A3956D46DE8}") = "Api", "Api", "{E107C46A-B9F1-49AC-B767-D1D0C6D8334A}"
EndProject
Project("{9A19103F-16F7-4668-BE54-9A1E7A4F7556}") = "Uptec.Erp.Api", "src\Uptec.Erp.Api\Uptec.Erp.Api.csproj", "{948443C3-2A40-4E26-BD19-AE3DCCE4E98E}"
EndProject
Project("{2150E333-8FDC-42A3-9474-1A3956D46DE8}") = "Producao", "Producao", "{134726F9-2F3C-4BDF-9689-9EE7C1144286}"
EndProject
Project("{2150E333-8FDC-42A3-9474-1A3956D46DE8}") = "Domain", "Domain", "{97594DC8-6F1A-4CA9-8604-3D98C40EECF6}"
EndProject
Project("{9A19103F-16F7-4668-BE54-9A1E7A4F7556}") = "Uptec.Erp.Producao.Domain", "src\Uptec.Erp.Producao.Domain\Uptec.Erp.Producao.Domain.csproj", "{0811B515-81B6-48E5-9CDB-208A9FBE5BFD}"
EndProject
Project("{2150E333-8FDC-42A3-9474-1A3956D46DE8}") = "Infra", "Infra", "{DE20A39B-5DC8-48A4-A6BD-046CC8AB1806}"
EndProject
Project("{9A19103F-16F7-4668-BE54-9A1E7A4F7556}") = "Uptec.Erp.Producao.Infra.Data", "src\Uptec.Erp.Producao.Infra.Data\Uptec.Erp.Producao.Infra.Data.csproj", "{8BDC1EF4-2976-4B3A-8532-62FDA1F95C3E}"
EndProject
Project("{9A19103F-16F7-4668-BE54-9A1E7A4F7556}") = "Uptec.Erp.Producao.Infra.IoC", "src\Uptec.Erp.Producao.Infra.IoC\Uptec.Erp.Producao.Infra.IoC.csproj", "{C75EAB7D-E7B9-4DD7-A0FA-1D986D04AA81}"
EndProject
Project("{2150E333-8FDC-42A3-9474-1A3956D46DE8}") = "Integracao", "Integracao", "{C5507064-0F35-4088-B8F5-70EF60B2736F}"
EndProject
Project("{9A19103F-16F7-4668-BE54-9A1E7A4F7556}") = "Uptec.Erp.Producao.Infra.Integracao.NFe", "src\Uptec.Erp.Producao.Infra.Integracao.NFe\Uptec.Erp.Producao.Infra.Integracao.NFe.csproj", "{A8CA0C15-0C85-400D-910D-D36D23747367}"
EndProject
Project("{2150E333-8FDC-42A3-9474-1A3956D46DE8}") = "Infra", "Infra", "{5E4FDAEB-FE8F-4C3F-BFD8-CE7655190AE5}"
EndProject
Project("{9A19103F-16F7-4668-BE54-9A1E7A4F7556}") = "Uptec.Erp.Infra.HttpClient", "src\Uptec.Erp.Infra.HttpClient\Uptec.Erp.Infra.HttpClient.csproj", "{F4F9060C-70DE-4321-B6E9-F8C3E0CC5A05}"
EndProject
Project("{9A19103F-16F7-4668-BE54-9A1E7A4F7556}") = "Uptec.Erp.Producao.Infra.Integracao.NFe.IoC", "src\Uptec.Erp.Producao.Infra.Integracao.NFe.IoC\Uptec.Erp.Producao.Infra.Integracao.NFe.IoC.csproj", "{84A69761-98D3-416B-8F48-1B8BF6D6E695}"
EndProject
Project("{FAE04EC0-301F-11D3-BF4B-00C04F79EFBC}") = "Definitiva.Shared.Infra.Support.Tracker", "src\Definitiva.Shared.Infra.Support.Tracker\Definitiva.Shared.Infra.Support.Tracker.csproj", "{47DEFC7B-E344-4A3E-9433-77D22B362666}"
EndProject
Global
	GlobalSection(SolutionConfigurationPlatforms) = preSolution
		Debug|Any CPU = Debug|Any CPU
		Release|Any CPU = Release|Any CPU
	EndGlobalSection
	GlobalSection(ProjectConfigurationPlatforms) = postSolution
		{56B62349-0426-4A29-8171-5812FABE0BC5}.Debug|Any CPU.ActiveCfg = Debug|Any CPU
		{56B62349-0426-4A29-8171-5812FABE0BC5}.Debug|Any CPU.Build.0 = Debug|Any CPU
		{56B62349-0426-4A29-8171-5812FABE0BC5}.Release|Any CPU.ActiveCfg = Release|Any CPU
		{56B62349-0426-4A29-8171-5812FABE0BC5}.Release|Any CPU.Build.0 = Release|Any CPU
		{85458727-CBE2-478C-9D33-856D5FC25C3B}.Debug|Any CPU.ActiveCfg = Debug|Any CPU
		{85458727-CBE2-478C-9D33-856D5FC25C3B}.Debug|Any CPU.Build.0 = Debug|Any CPU
		{85458727-CBE2-478C-9D33-856D5FC25C3B}.Release|Any CPU.ActiveCfg = Release|Any CPU
		{85458727-CBE2-478C-9D33-856D5FC25C3B}.Release|Any CPU.Build.0 = Release|Any CPU
		{4083C779-06E4-4C15-A870-E45D75EAF360}.Debug|Any CPU.ActiveCfg = Debug|Any CPU
		{4083C779-06E4-4C15-A870-E45D75EAF360}.Debug|Any CPU.Build.0 = Debug|Any CPU
		{4083C779-06E4-4C15-A870-E45D75EAF360}.Release|Any CPU.ActiveCfg = Release|Any CPU
		{4083C779-06E4-4C15-A870-E45D75EAF360}.Release|Any CPU.Build.0 = Release|Any CPU
		{2ED5405D-B64A-4749-8CB1-9E2CD59E9B5C}.Debug|Any CPU.ActiveCfg = Debug|Any CPU
		{2ED5405D-B64A-4749-8CB1-9E2CD59E9B5C}.Debug|Any CPU.Build.0 = Debug|Any CPU
		{2ED5405D-B64A-4749-8CB1-9E2CD59E9B5C}.Release|Any CPU.ActiveCfg = Release|Any CPU
		{2ED5405D-B64A-4749-8CB1-9E2CD59E9B5C}.Release|Any CPU.Build.0 = Release|Any CPU
		{0FB989C0-0307-4949-90EC-D5D667653F98}.Debug|Any CPU.ActiveCfg = Debug|Any CPU
		{0FB989C0-0307-4949-90EC-D5D667653F98}.Debug|Any CPU.Build.0 = Debug|Any CPU
		{0FB989C0-0307-4949-90EC-D5D667653F98}.Release|Any CPU.ActiveCfg = Release|Any CPU
		{0FB989C0-0307-4949-90EC-D5D667653F98}.Release|Any CPU.Build.0 = Release|Any CPU
		{948443C3-2A40-4E26-BD19-AE3DCCE4E98E}.Debug|Any CPU.ActiveCfg = Debug|Any CPU
		{948443C3-2A40-4E26-BD19-AE3DCCE4E98E}.Debug|Any CPU.Build.0 = Debug|Any CPU
		{948443C3-2A40-4E26-BD19-AE3DCCE4E98E}.Release|Any CPU.ActiveCfg = Release|Any CPU
		{948443C3-2A40-4E26-BD19-AE3DCCE4E98E}.Release|Any CPU.Build.0 = Release|Any CPU
		{0811B515-81B6-48E5-9CDB-208A9FBE5BFD}.Debug|Any CPU.ActiveCfg = Debug|Any CPU
		{0811B515-81B6-48E5-9CDB-208A9FBE5BFD}.Debug|Any CPU.Build.0 = Debug|Any CPU
		{0811B515-81B6-48E5-9CDB-208A9FBE5BFD}.Release|Any CPU.ActiveCfg = Release|Any CPU
		{0811B515-81B6-48E5-9CDB-208A9FBE5BFD}.Release|Any CPU.Build.0 = Release|Any CPU
		{8BDC1EF4-2976-4B3A-8532-62FDA1F95C3E}.Debug|Any CPU.ActiveCfg = Debug|Any CPU
		{8BDC1EF4-2976-4B3A-8532-62FDA1F95C3E}.Debug|Any CPU.Build.0 = Debug|Any CPU
		{8BDC1EF4-2976-4B3A-8532-62FDA1F95C3E}.Release|Any CPU.ActiveCfg = Release|Any CPU
		{8BDC1EF4-2976-4B3A-8532-62FDA1F95C3E}.Release|Any CPU.Build.0 = Release|Any CPU
		{C75EAB7D-E7B9-4DD7-A0FA-1D986D04AA81}.Debug|Any CPU.ActiveCfg = Debug|Any CPU
		{C75EAB7D-E7B9-4DD7-A0FA-1D986D04AA81}.Debug|Any CPU.Build.0 = Debug|Any CPU
		{C75EAB7D-E7B9-4DD7-A0FA-1D986D04AA81}.Release|Any CPU.ActiveCfg = Release|Any CPU
		{C75EAB7D-E7B9-4DD7-A0FA-1D986D04AA81}.Release|Any CPU.Build.0 = Release|Any CPU
		{A8CA0C15-0C85-400D-910D-D36D23747367}.Debug|Any CPU.ActiveCfg = Debug|Any CPU
		{A8CA0C15-0C85-400D-910D-D36D23747367}.Debug|Any CPU.Build.0 = Debug|Any CPU
		{A8CA0C15-0C85-400D-910D-D36D23747367}.Release|Any CPU.ActiveCfg = Release|Any CPU
		{A8CA0C15-0C85-400D-910D-D36D23747367}.Release|Any CPU.Build.0 = Release|Any CPU
		{F4F9060C-70DE-4321-B6E9-F8C3E0CC5A05}.Debug|Any CPU.ActiveCfg = Debug|Any CPU
		{F4F9060C-70DE-4321-B6E9-F8C3E0CC5A05}.Debug|Any CPU.Build.0 = Debug|Any CPU
		{F4F9060C-70DE-4321-B6E9-F8C3E0CC5A05}.Release|Any CPU.ActiveCfg = Release|Any CPU
		{F4F9060C-70DE-4321-B6E9-F8C3E0CC5A05}.Release|Any CPU.Build.0 = Release|Any CPU
		{84A69761-98D3-416B-8F48-1B8BF6D6E695}.Debug|Any CPU.ActiveCfg = Debug|Any CPU
		{84A69761-98D3-416B-8F48-1B8BF6D6E695}.Debug|Any CPU.Build.0 = Debug|Any CPU
		{84A69761-98D3-416B-8F48-1B8BF6D6E695}.Release|Any CPU.ActiveCfg = Release|Any CPU
		{84A69761-98D3-416B-8F48-1B8BF6D6E695}.Release|Any CPU.Build.0 = Release|Any CPU
		{47DEFC7B-E344-4A3E-9433-77D22B362666}.Debug|Any CPU.ActiveCfg = Debug|Any CPU
		{47DEFC7B-E344-4A3E-9433-77D22B362666}.Debug|Any CPU.Build.0 = Debug|Any CPU
		{47DEFC7B-E344-4A3E-9433-77D22B362666}.Release|Any CPU.ActiveCfg = Release|Any CPU
		{47DEFC7B-E344-4A3E-9433-77D22B362666}.Release|Any CPU.Build.0 = Release|Any CPU
	EndGlobalSection
	GlobalSection(SolutionProperties) = preSolution
		HideSolutionNode = FALSE
	EndGlobalSection
	GlobalSection(NestedProjects) = preSolution
		{C6877324-A783-4502-81D6-D3724805C3FF} = {4FCC3570-2DEB-40A9-8EE8-3C077EE56614}
		{A7B07784-F19B-4325-A4C9-A1ECD6A0D104} = {C6877324-A783-4502-81D6-D3724805C3FF}
		{8C3D4F7F-C02A-4189-A530-3EBEBEBB703F} = {3230F348-2E55-4BFC-ACDB-64D020698259}
		{56B62349-0426-4A29-8171-5812FABE0BC5} = {8C3D4F7F-C02A-4189-A530-3EBEBEBB703F}
		{85458727-CBE2-478C-9D33-856D5FC25C3B} = {A59D324E-9916-4D9E-91A3-53A18ABE6E28}
		{A59D324E-9916-4D9E-91A3-53A18ABE6E28} = {A7B07784-F19B-4325-A4C9-A1ECD6A0D104}
		{0DE97E1B-451B-4360-A0C4-198B028BF148} = {3230F348-2E55-4BFC-ACDB-64D020698259}
		{4083C779-06E4-4C15-A870-E45D75EAF360} = {0DE97E1B-451B-4360-A0C4-198B028BF148}
		{2ED5405D-B64A-4749-8CB1-9E2CD59E9B5C} = {8C3D4F7F-C02A-4189-A530-3EBEBEBB703F}
		{0FB989C0-0307-4949-90EC-D5D667653F98} = {66FA493A-33FB-4ABA-B98B-ABF6C9A6E1B7}
		{E107C46A-B9F1-49AC-B767-D1D0C6D8334A} = {C6877324-A783-4502-81D6-D3724805C3FF}
		{948443C3-2A40-4E26-BD19-AE3DCCE4E98E} = {E107C46A-B9F1-49AC-B767-D1D0C6D8334A}
		{134726F9-2F3C-4BDF-9689-9EE7C1144286} = {C6877324-A783-4502-81D6-D3724805C3FF}
		{97594DC8-6F1A-4CA9-8604-3D98C40EECF6} = {134726F9-2F3C-4BDF-9689-9EE7C1144286}
		{0811B515-81B6-48E5-9CDB-208A9FBE5BFD} = {97594DC8-6F1A-4CA9-8604-3D98C40EECF6}
		{DE20A39B-5DC8-48A4-A6BD-046CC8AB1806} = {134726F9-2F3C-4BDF-9689-9EE7C1144286}
		{8BDC1EF4-2976-4B3A-8532-62FDA1F95C3E} = {DE20A39B-5DC8-48A4-A6BD-046CC8AB1806}
		{C75EAB7D-E7B9-4DD7-A0FA-1D986D04AA81} = {DE20A39B-5DC8-48A4-A6BD-046CC8AB1806}
		{C5507064-0F35-4088-B8F5-70EF60B2736F} = {DE20A39B-5DC8-48A4-A6BD-046CC8AB1806}
		{A8CA0C15-0C85-400D-910D-D36D23747367} = {C5507064-0F35-4088-B8F5-70EF60B2736F}
		{5E4FDAEB-FE8F-4C3F-BFD8-CE7655190AE5} = {C6877324-A783-4502-81D6-D3724805C3FF}
		{F4F9060C-70DE-4321-B6E9-F8C3E0CC5A05} = {5E4FDAEB-FE8F-4C3F-BFD8-CE7655190AE5}
		{84A69761-98D3-416B-8F48-1B8BF6D6E695} = {C5507064-0F35-4088-B8F5-70EF60B2736F}
		{47DEFC7B-E344-4A3E-9433-77D22B362666} = {8C3D4F7F-C02A-4189-A530-3EBEBEBB703F}
	EndGlobalSection
	GlobalSection(ExtensibilityGlobals) = postSolution
		SolutionGuid = {0008F677-FB55-4483-81C4-B4D2383836D5}
	EndGlobalSection
EndGlobal
